
Microsoft Visual Studio Solution File, Format Version 12.00
# Visual Studio Version 17
VisualStudioVersion = 17.5.002.0
MinimumVisualStudioVersion = 10.0.40219.1
Project("{9A19103F-16F7-4668-BE54-9A1E7A4F7556}") = "NetCoreCv", "NetCoreCv.csproj", "{49460A36-FAA1-4404-8891-1C9AFDBDE0CB}"
EndProject
Global
	GlobalSection(SolutionConfigurationPlatforms) = preSolution
		Debug|Any CPU = Debug|Any CPU
		Release|Any CPU = Release|Any CPU
	EndGlobalSection
	GlobalSection(ProjectConfigurationPlatforms) = postSolution
		{49460A36-FAA1-4404-8891-1C9AFDBDE0CB}.Debug|Any CPU.ActiveCfg = Debug|Any CPU
		{49460A36-FAA1-4404-8891-1C9AFDBDE0CB}.Debug|Any CPU.Build.0 = Debug|Any CPU
		{49460A36-FAA1-4404-8891-1C9AFDBDE0CB}.Release|Any CPU.ActiveCfg = Release|Any CPU
		{49460A36-FAA1-4404-8891-1C9AFDBDE0CB}.Release|Any CPU.Build.0 = Release|Any CPU
	EndGlobalSection
	GlobalSection(SolutionProperties) = preSolution
		HideSolutionNode = FALSE
	EndGlobalSection
	GlobalSection(ExtensibilityGlobals) = postSolution
		SolutionGuid = {B22FB906-8865-4ED6-A3B2-4FCE8ECB3A5A}
	EndGlobalSection
EndGlobal
