
Microsoft Visual Studio Solution File, Format Version 12.00
# Visual Studio Version 17
VisualStudioVersion = 17.5.002.0
MinimumVisualStudioVersion = 10.0.40219.1
Project("{FAE04EC0-301F-11D3-BF4B-00C04F79EFBC}") = "NetCoreCv.DbSeed", "NetCoreCv.DbSeed\NetCoreCv.DbSeed.csproj", "{BA3BF33D-1851-495E-AF00-75F0301C69CF}"
EndProject
Project("{FAE04EC0-301F-11D3-BF4B-00C04F79EFBC}") = "NetCoreCv.WebApp", "NetCoreCv.WebApp\NetCoreCv.WebApp.csproj", "{7C78E2C6-992A-4553-8978-18D0BD28C66E}"
EndProject
Project("{FAE04EC0-301F-11D3-BF4B-00C04F79EFBC}") = "NetCoreCv.Core", "NetCoreCv.Core\NetCoreCv.Core.csproj", "{594F99C4-D64D-4241-B685-37530FB4C180}"
EndProject
Global
	GlobalSection(SolutionConfigurationPlatforms) = preSolution
		Debug|Any CPU = Debug|Any CPU
		Release|Any CPU = Release|Any CPU
	EndGlobalSection
	GlobalSection(ProjectConfigurationPlatforms) = postSolution
		{BA3BF33D-1851-495E-AF00-75F0301C69CF}.Debug|Any CPU.ActiveCfg = Debug|Any CPU
		{BA3BF33D-1851-495E-AF00-75F0301C69CF}.Debug|Any CPU.Build.0 = Debug|Any CPU
		{BA3BF33D-1851-495E-AF00-75F0301C69CF}.Release|Any CPU.ActiveCfg = Release|Any CPU
		{BA3BF33D-1851-495E-AF00-75F0301C69CF}.Release|Any CPU.Build.0 = Release|Any CPU
		{7C78E2C6-992A-4553-8978-18D0BD28C66E}.Debug|Any CPU.ActiveCfg = Debug|Any CPU
		{7C78E2C6-992A-4553-8978-18D0BD28C66E}.Debug|Any CPU.Build.0 = Debug|Any CPU
		{7C78E2C6-992A-4553-8978-18D0BD28C66E}.Release|Any CPU.ActiveCfg = Release|Any CPU
		{7C78E2C6-992A-4553-8978-18D0BD28C66E}.Release|Any CPU.Build.0 = Release|Any CPU
		{594F99C4-D64D-4241-B685-37530FB4C180}.Debug|Any CPU.ActiveCfg = Debug|Any CPU
		{594F99C4-D64D-4241-B685-37530FB4C180}.Debug|Any CPU.Build.0 = Debug|Any CPU
		{594F99C4-D64D-4241-B685-37530FB4C180}.Release|Any CPU.ActiveCfg = Release|Any CPU
		{594F99C4-D64D-4241-B685-37530FB4C180}.Release|Any CPU.Build.0 = Release|Any CPU
	EndGlobalSection
	GlobalSection(SolutionProperties) = preSolution
		HideSolutionNode = FALSE
	EndGlobalSection
	GlobalSection(ExtensibilityGlobals) = postSolution
		SolutionGuid = {B22FB906-8865-4ED6-A3B2-4FCE8ECB3A5A}
	EndGlobalSection
EndGlobal
